
Microsoft Visual Studio Solution File, Format Version 12.00
# Visual Studio Version 17
VisualStudioVersion = 17.2.32516.85
MinimumVisualStudioVersion = 10.0.40219.1
Project("{FAE04EC0-301F-11D3-BF4B-00C04F79EFBC}") = "Game Rental System", "Game Rental System\Game Rental System.csproj", "{ADC28A0B-DF0C-400A-95D9-F4B9232E1C6F}"
EndProject
Global
	GlobalSection(SolutionConfigurationPlatforms) = preSolution
		Debug|Any CPU = Debug|Any CPU
		Release|Any CPU = Release|Any CPU
	EndGlobalSection
	GlobalSection(ProjectConfigurationPlatforms) = postSolution
		{ADC28A0B-DF0C-400A-95D9-F4B9232E1C6F}.Debug|Any CPU.ActiveCfg = Debug|Any CPU
		{ADC28A0B-DF0C-400A-95D9-F4B9232E1C6F}.Debug|Any CPU.Build.0 = Debug|Any CPU
		{ADC28A0B-DF0C-400A-95D9-F4B9232E1C6F}.Release|Any CPU.ActiveCfg = Release|Any CPU
		{ADC28A0B-DF0C-400A-95D9-F4B9232E1C6F}.Release|Any CPU.Build.0 = Release|Any CPU
	EndGlobalSection
	GlobalSection(SolutionProperties) = preSolution
		HideSolutionNode = FALSE
	EndGlobalSection
	GlobalSection(ExtensibilityGlobals) = postSolution
		SolutionGuid = {B7D3332E-04F2-4647-921E-F7F57CD30A38}
	EndGlobalSection
EndGlobal
